
Microsoft Visual Studio Solution File, Format Version 12.00
# Visual Studio Version 16
VisualStudioVersion = 16.0.32126.315
MinimumVisualStudioVersion = 10.0.40219.1
Project("{FAE04EC0-301F-11D3-BF4B-00C04F79EFBC}") = "PhoneBookConsole", "PhoneBookConsole\PhoneBookConsole.csproj", "{31764C69-DCCF-45C1-B898-5132FE7F7D09}"
EndProject
Global
	GlobalSection(SolutionConfigurationPlatforms) = preSolution
		Debug|Any CPU = Debug|Any CPU
		Release|Any CPU = Release|Any CPU
	EndGlobalSection
	GlobalSection(ProjectConfigurationPlatforms) = postSolution
		{31764C69-DCCF-45C1-B898-5132FE7F7D09}.Debug|Any CPU.ActiveCfg = Debug|Any CPU
		{31764C69-DCCF-45C1-B898-5132FE7F7D09}.Debug|Any CPU.Build.0 = Debug|Any CPU
		{31764C69-DCCF-45C1-B898-5132FE7F7D09}.Release|Any CPU.ActiveCfg = Release|Any CPU
		{31764C69-DCCF-45C1-B898-5132FE7F7D09}.Release|Any CPU.Build.0 = Release|Any CPU
	EndGlobalSection
	GlobalSection(SolutionProperties) = preSolution
		HideSolutionNode = FALSE
	EndGlobalSection
	GlobalSection(ExtensibilityGlobals) = postSolution
		SolutionGuid = {233E5FD7-59DF-48DA-B509-109810D377FA}
	EndGlobalSection
EndGlobal
